
Microsoft Visual Studio Solution File, Format Version 12.00
Project("{FAE04EC0-301F-11D3-BF4B-00C04F79EFBC}") = "MouqimApi", "MouqimApi\MouqimApi.csproj", "{66E9C1B6-6157-45FC-ABDA-E938826E4B8A}"
EndProject
Project("{FAE04EC0-301F-11D3-BF4B-00C04F79EFBC}") = "Models", "Models\Models.csproj", "{08932D81-95A7-4E70-B749-584FF6922B09}"
EndProject
Global
	GlobalSection(SolutionConfigurationPlatforms) = preSolution
		Debug|Any CPU = Debug|Any CPU
		Release|Any CPU = Release|Any CPU
	EndGlobalSection
	GlobalSection(ProjectConfigurationPlatforms) = postSolution
		{66E9C1B6-6157-45FC-ABDA-E938826E4B8A}.Debug|Any CPU.ActiveCfg = Debug|Any CPU
		{66E9C1B6-6157-45FC-ABDA-E938826E4B8A}.Debug|Any CPU.Build.0 = Debug|Any CPU
		{66E9C1B6-6157-45FC-ABDA-E938826E4B8A}.Release|Any CPU.ActiveCfg = Release|Any CPU
		{66E9C1B6-6157-45FC-ABDA-E938826E4B8A}.Release|Any CPU.Build.0 = Release|Any CPU
		{08932D81-95A7-4E70-B749-584FF6922B09}.Debug|Any CPU.ActiveCfg = Debug|Any CPU
		{08932D81-95A7-4E70-B749-584FF6922B09}.Debug|Any CPU.Build.0 = Debug|Any CPU
		{08932D81-95A7-4E70-B749-584FF6922B09}.Release|Any CPU.ActiveCfg = Release|Any CPU
		{08932D81-95A7-4E70-B749-584FF6922B09}.Release|Any CPU.Build.0 = Release|Any CPU
	EndGlobalSection
EndGlobal
